
Microsoft Visual Studio Solution File, Format Version 12.00
# Visual Studio 15
VisualStudioVersion = 15.0.28010.2016
MinimumVisualStudioVersion = 10.0.40219.1
Project("{FAE04EC0-301F-11D3-BF4B-00C04F79EFBC}") = "GenericList", "GenericList\GenericList.csproj", "{A0F09EE2-724F-4FFB-995F-0171FDCAF38A}"
EndProject
Project("{FAE04EC0-301F-11D3-BF4B-00C04F79EFBC}") = "AlarmClock", "AlarmClock\AlarmClock.csproj", "{45BED96D-A387-4D21-8433-2076A926E0BF}"
EndProject
Global
	GlobalSection(SolutionConfigurationPlatforms) = preSolution
		Debug|Any CPU = Debug|Any CPU
		Release|Any CPU = Release|Any CPU
	EndGlobalSection
	GlobalSection(ProjectConfigurationPlatforms) = postSolution
		{A0F09EE2-724F-4FFB-995F-0171FDCAF38A}.Debug|Any CPU.ActiveCfg = Debug|Any CPU
		{A0F09EE2-724F-4FFB-995F-0171FDCAF38A}.Debug|Any CPU.Build.0 = Debug|Any CPU
		{A0F09EE2-724F-4FFB-995F-0171FDCAF38A}.Release|Any CPU.ActiveCfg = Release|Any CPU
		{A0F09EE2-724F-4FFB-995F-0171FDCAF38A}.Release|Any CPU.Build.0 = Release|Any CPU
		{45BED96D-A387-4D21-8433-2076A926E0BF}.Debug|Any CPU.ActiveCfg = Debug|Any CPU
		{45BED96D-A387-4D21-8433-2076A926E0BF}.Debug|Any CPU.Build.0 = Debug|Any CPU
		{45BED96D-A387-4D21-8433-2076A926E0BF}.Release|Any CPU.ActiveCfg = Release|Any CPU
		{45BED96D-A387-4D21-8433-2076A926E0BF}.Release|Any CPU.Build.0 = Release|Any CPU
	EndGlobalSection
	GlobalSection(SolutionProperties) = preSolution
		HideSolutionNode = FALSE
	EndGlobalSection
	GlobalSection(ExtensibilityGlobals) = postSolution
		SolutionGuid = {546A6A6D-E748-410C-905B-DAEC01802D43}
	EndGlobalSection
EndGlobal
