
Microsoft Visual Studio Solution File, Format Version 12.00
# Visual Studio Version 16
VisualStudioVersion = 16.0.31321.278
MinimumVisualStudioVersion = 10.0.40219.1
Project("{FAE04EC0-301F-11D3-BF4B-00C04F79EFBC}") = "GenericLinkedList", "GenericLinkedList.csproj", "{E5254CB2-7E76-4E70-8076-377CF25436D5}"
EndProject
Global
	GlobalSection(SolutionConfigurationPlatforms) = preSolution
		Debug|Any CPU = Debug|Any CPU
		Release|Any CPU = Release|Any CPU
	EndGlobalSection
	GlobalSection(ProjectConfigurationPlatforms) = postSolution
		{E5254CB2-7E76-4E70-8076-377CF25436D5}.Debug|Any CPU.ActiveCfg = Debug|Any CPU
		{E5254CB2-7E76-4E70-8076-377CF25436D5}.Debug|Any CPU.Build.0 = Debug|Any CPU
		{E5254CB2-7E76-4E70-8076-377CF25436D5}.Release|Any CPU.ActiveCfg = Release|Any CPU
		{E5254CB2-7E76-4E70-8076-377CF25436D5}.Release|Any CPU.Build.0 = Release|Any CPU
	EndGlobalSection
	GlobalSection(SolutionProperties) = preSolution
		HideSolutionNode = FALSE
	EndGlobalSection
	GlobalSection(ExtensibilityGlobals) = postSolution
		SolutionGuid = {AD3FB6D7-3237-4347-9418-1A5FFA2D1E4E}
	EndGlobalSection
EndGlobal
