
Microsoft Visual Studio Solution File, Format Version 12.00
# Visual Studio Version 16
VisualStudioVersion = 16.0.31321.278
MinimumVisualStudioVersion = 10.0.40219.1
Project("{FAE04EC0-301F-11D3-BF4B-00C04F79EFBC}") = "FindPrimes", "FindPrimes.csproj", "{B8BFDDBB-2567-43C0-B61D-F21D9CF99996}"
EndProject
Global
	GlobalSection(SolutionConfigurationPlatforms) = preSolution
		Debug|Any CPU = Debug|Any CPU
		Release|Any CPU = Release|Any CPU
	EndGlobalSection
	GlobalSection(ProjectConfigurationPlatforms) = postSolution
		{B8BFDDBB-2567-43C0-B61D-F21D9CF99996}.Debug|Any CPU.ActiveCfg = Debug|Any CPU
		{B8BFDDBB-2567-43C0-B61D-F21D9CF99996}.Debug|Any CPU.Build.0 = Debug|Any CPU
		{B8BFDDBB-2567-43C0-B61D-F21D9CF99996}.Release|Any CPU.ActiveCfg = Release|Any CPU
		{B8BFDDBB-2567-43C0-B61D-F21D9CF99996}.Release|Any CPU.Build.0 = Release|Any CPU
	EndGlobalSection
	GlobalSection(SolutionProperties) = preSolution
		HideSolutionNode = FALSE
	EndGlobalSection
	GlobalSection(ExtensibilityGlobals) = postSolution
		SolutionGuid = {73B6B9D0-09F5-4BD3-AA4E-E19EC6E45CEF}
	EndGlobalSection
EndGlobal
