
Microsoft Visual Studio Solution File, Format Version 12.00
# Visual Studio Version 16
VisualStudioVersion = 16.0.31321.278
MinimumVisualStudioVersion = 10.0.40219.1
Project("{FAE04EC0-301F-11D3-BF4B-00C04F79EFBC}") = "WindowsFormsCalculator", "WindowsFormsCalculator.csproj", "{4337A7D1-9314-4C23-ABA1-9A3E727E62C5}"
EndProject
Global
	GlobalSection(SolutionConfigurationPlatforms) = preSolution
		Debug|Any CPU = Debug|Any CPU
		Release|Any CPU = Release|Any CPU
	EndGlobalSection
	GlobalSection(ProjectConfigurationPlatforms) = postSolution
		{4337A7D1-9314-4C23-ABA1-9A3E727E62C5}.Debug|Any CPU.ActiveCfg = Debug|Any CPU
		{4337A7D1-9314-4C23-ABA1-9A3E727E62C5}.Debug|Any CPU.Build.0 = Debug|Any CPU
		{4337A7D1-9314-4C23-ABA1-9A3E727E62C5}.Release|Any CPU.ActiveCfg = Release|Any CPU
		{4337A7D1-9314-4C23-ABA1-9A3E727E62C5}.Release|Any CPU.Build.0 = Release|Any CPU
	EndGlobalSection
	GlobalSection(SolutionProperties) = preSolution
		HideSolutionNode = FALSE
	EndGlobalSection
	GlobalSection(ExtensibilityGlobals) = postSolution
		SolutionGuid = {83C7A19F-8612-4C2D-AF03-D9D4F0B42409}
	EndGlobalSection
EndGlobal
